# THIS IS AN AUTOGENERATED FILE. DO NOT EDIT THIS FILE DIRECTLY.
# yarn lockfile v1


city-zip-by-phone@^0.1.4:
  version "0.1.4"
  resolved "https://registry.yarnpkg.com/city-zip-by-phone/-/city-zip-by-phone-0.1.4.tgz#234c69ad5059f2f5099bb35337832a0982ff55e1"
  integrity sha512-XsPnwHYUMg7EgDYF9ytEQGJhtZlrvxwVSc3l43OP8obvLbuyVxyFyBMuzujHq46QCClsb4EYiRI3jRejra+TbA==

csv-parser@^3.0.0:
  version "3.0.0"
  resolved "https://registry.yarnpkg.com/csv-parser/-/csv-parser-3.0.0.tgz#b88a6256d79e090a97a1b56451f9327b01d710e7"
  integrity sha512-s6OYSXAK3IdKqYO33y09jhypG/bSDHPuyCme/IdEHfWpLf/jKcpitVFyOC6UemgGk8v7Q5u2XE0vvwmanxhGlQ==
  dependencies:
    minimist "^1.2.0"

csv-to-and-from-array@^0.1.0:
  version "0.1.0"
  resolved "https://registry.yarnpkg.com/csv-to-and-from-array/-/csv-to-and-from-array-0.1.0.tgz#29e860dbc5a34a3151c0d2ca5bb4f5eff24b5034"
  integrity sha512-pCFHzKrz1FqC76dN0fmakbfyhzAP2aYKtp9OAH9cfb36zXHE8HI9m0uaO+qPtSudvQ5gnwzjOQXenW4K2qMpfA==
  dependencies:
    csv-parser "^3.0.0"
    csv-writer "^1.6.0"

csv-writer@^1.6.0:
  version "1.6.0"
  resolved "https://registry.yarnpkg.com/csv-writer/-/csv-writer-1.6.0.tgz#d0cea44b6b4d7d3baa2ecc6f3f7209233514bcf9"
  integrity sha512-NOx7YDFWEsM/fTRAJjRpPp8t+MKRVvniAg9wQlUKx20MFrPs73WLJhFf5iteqrxNYnsy924K3Iroh3yNHeYd2g==

minimist@^1.2.0:
  version "1.2.5"
  resolved "https://registry.yarnpkg.com/minimist/-/minimist-1.2.5.tgz#67d66014b66a6a8aaa0c083c5fd58df4e4e97602"
  integrity sha512-FM9nNUYrRBAELZQT3xeZQ7fmMOBg6nWNmJKTcgsJeaLstP/UODVpGsr5OhXhhXg6f+qtJ8uiZ+PUxkDWcgIXLw==

phone@^2.4.16:
  version "2.4.16"
  resolved "https://registry.yarnpkg.com/phone/-/phone-2.4.16.tgz#f7cdcd5b7ba2dac8c78af15f03fa011e60225882"
  integrity sha512-SLbFBMFuDiTDwAzw8/LjQ/kat+fP2cmKCxZ+cyKgAUUML5qz7PIv8w8DTFjlP/uWQ6uUFhcpYBSRyYSFsYISjQ==

zipcodes@^8.0.0:
  version "8.0.0"
  resolved "https://registry.yarnpkg.com/zipcodes/-/zipcodes-8.0.0.tgz#4d124cdeedfc693f1b0ef8060323f206aeb98a9b"
  integrity sha512-V8NolFaJhsPamGeCv5lJdk60Q7JBiXI6e+8JDksPC1NJWZ0t7g1OFfqVLZb2Nc2F5jmf9JTdYdWJBnIhGBvtbA==
